// !$*UTF8*$!
{
	archiveVersion = 1;
	classes = {
	};
	objectVersion = 56;
	objects = {

/* Begin PBXBuildFile section */
		2EBF426629CC81C50057B8B0 /* AppDelegate.swift in Sources */ = {isa = PBXBuildFile; fileRef = 2EBF426529CC81C50057B8B0 /* AppDelegate.swift */; };
		2EBF426829CC81C50057B8B0 /* SceneDelegate.swift in Sources */ = {isa = PBXBuildFile; fileRef = 2EBF426729CC81C50057B8B0 /* SceneDelegate.swift */; };
		2EBF426A29CC81C50057B8B0 /* ViewController.swift in Sources */ = {isa = PBXBuildFile; fileRef = 2EBF426929CC81C50057B8B0 /* ViewController.swift */; };
		2EBF426D29CC81C50057B8B0 /* Main.storyboard in Resources */ = {isa = PBXBuildFile; fileRef = 2EBF426B29CC81C50057B8B0 /* Main.storyboard */; };
		2EBF427029CC81C50057B8B0 /* Doyoulikebee.xcdatamodeld in Sources */ = {isa = PBXBuildFile; fileRef = 2EBF426E29CC81C50057B8B0 /* Doyoulikebee.xcdatamodeld */; };
		2EBF427229CC81C50057B8B0 /* Assets.xcassets in Resources */ = {isa = PBXBuildFile; fileRef = 2EBF427129CC81C50057B8B0 /* Assets.xcassets */; };
		2EBF427529CC81C50057B8B0 /* LaunchScreen.storyboard in Resources */ = {isa = PBXBuildFile; fileRef = 2EBF427329CC81C50057B8B0 /* LaunchScreen.storyboard */; };
		2EBF428029CC81C50057B8B0 /* DoyoulikebeeTests.swift in Sources */ = {isa = PBXBuildFile; fileRef = 2EBF427F29CC81C50057B8B0 /* DoyoulikebeeTests.swift */; };
		2EBF428A29CC81C50057B8B0 /* DoyoulikebeeUITests.swift in Sources */ = {isa = PBXBuildFile; fileRef = 2EBF428929CC81C50057B8B0 /* DoyoulikebeeUITests.swift */; };
		2EBF428C29CC81C50057B8B0 /* DoyoulikebeeUITestsLaunchTests.swift in Sources */ = {isa = PBXBuildFile; fileRef = 2EBF428B29CC81C50057B8B0 /* DoyoulikebeeUITestsLaunchTests.swift */; };
/* End PBXBuildFile section */

/* Begin PBXContainerItemProxy section */
		2EBF427C29CC81C50057B8B0 /* PBXContainerItemProxy */ = {
			isa = PBXContainerItemProxy;
			containerPortal = 2EBF425A29CC81C50057B8B0 /* Project object */;
			proxyType = 1;
			remoteGlobalIDString = 2EBF426129CC81C50057B8B0;
			remoteInfo = Doyoulikebee;
		};
		2EBF428629CC81C50057B8B0 /* PBXContainerItemProxy */ = {
			isa = PBXContainerItemProxy;
			containerPortal = 2EBF425A29CC81C50057B8B0 /* Project object */;
			proxyType = 1;
			remoteGlobalIDString = 2EBF426129CC81C50057B8B0;
			remoteInfo = Doyoulikebee;
		};
/* End PBXContainerItemProxy section */

/* Begin PBXFileReference section */
		2EBF426229CC81C50057B8B0 /* Doyoulikebee.app */ = {isa = PBXFileReference; explicitFileType = wrapper.application; includeInIndex = 0; path = Doyoulikebee.app; sourceTree = BUILT_PRODUCTS_DIR; };
		2EBF426529CC81C50057B8B0 /* AppDelegate.swift */ = {isa = PBXFileReference; lastKnownFileType = sourcecode.swift; path = AppDelegate.swift; sourceTree = "<group>"; };
		2EBF426729CC81C50057B8B0 /* SceneDelegate.swift */ = {isa = PBXFileReference; lastKnownFileType = sourcecode.swift; path = SceneDelegate.swift; sourceTree = "<group>"; };
		2EBF426929CC81C50057B8B0 /* ViewController.swift */ = {isa = PBXFileReference; lastKnownFileType = sourcecode.swift; path = ViewController.swift; sourceTree = "<group>"; };
		2EBF426C29CC81C50057B8B0 /* Base */ = {isa = PBXFileReference; lastKnownFileType = file.storyboard; name = Base; path = Base.lproj/Main.storyboard; sourceTree = "<group>"; };
		2EBF426F29CC81C50057B8B0 /* Doyoulikebee.xcdatamodel */ = {isa = PBXFileReference; lastKnownFileType = wrapper.xcdatamodel; path = Doyoulikebee.xcdatamodel; sourceTree = "<group>"; };
		2EBF427129CC81C50057B8B0 /* Assets.xcassets */ = {isa = PBXFileReference; lastKnownFileType = folder.assetcatalog; path = Assets.xcassets; sourceTree = "<group>"; };
		2EBF427429CC81C50057B8B0 /* Base */ = {isa = PBXFileReference; lastKnownFileType = file.storyboard; name = Base; path = Base.lproj/LaunchScreen.storyboard; sourceTree = "<group>"; };
		2EBF427629CC81C50057B8B0 /* Info.plist */ = {isa = PBXFileReference; lastKnownFileType = text.plist.xml; path = Info.plist; sourceTree = "<group>"; };
		2EBF427B29CC81C50057B8B0 /* DoyoulikebeeTests.xctest */ = {isa = PBXFileReference; explicitFileType = wrapper.cfbundle; includeInIndex = 0; path = DoyoulikebeeTests.xctest; sourceTree = BUILT_PRODUCTS_DIR; };
		2EBF427F29CC81C50057B8B0 /* DoyoulikebeeTests.swift */ = {isa = PBXFileReference; lastKnownFileType = sourcecode.swift; path = DoyoulikebeeTests.swift; sourceTree = "<group>"; };
		2EBF428529CC81C50057B8B0 /* DoyoulikebeeUITests.xctest */ = {isa = PBXFileReference; explicitFileType = wrapper.cfbundle; includeInIndex = 0; path = DoyoulikebeeUITests.xctest; sourceTree = BUILT_PRODUCTS_DIR; };
		2EBF428929CC81C50057B8B0 /* DoyoulikebeeUITests.swift */ = {isa = PBXFileReference; lastKnownFileType = sourcecode.swift; path = DoyoulikebeeUITests.swift; sourceTree = "<group>"; };
		2EBF428B29CC81C50057B8B0 /* DoyoulikebeeUITestsLaunchTests.swift */ = {isa = PBXFileReference; lastKnownFileType = sourcecode.swift; path = DoyoulikebeeUITestsLaunchTests.swift; sourceTree = "<group>"; };
/* End PBXFileReference section */

/* Begin PBXFrameworksBuildPhase section */
		2EBF425F29CC81C50057B8B0 /* Frameworks */ = {
			isa = PBXFrameworksBuildPhase;
			buildActionMask = 2147483647;
			files = (
			);
			runOnlyForDeploymentPostprocessing = 0;
		};
		2EBF427829CC81C50057B8B0 /* Frameworks */ = {
			isa = PBXFrameworksBuildPhase;
			buildActionMask = 2147483647;
			files = (
			);
			runOnlyForDeploymentPostprocessing = 0;
		};
		2EBF428229CC81C50057B8B0 /* Frameworks */ = {
			isa = PBXFrameworksBuildPhase;
			buildActionMask = 2147483647;
			files = (
			);
			runOnlyForDeploymentPostprocessing = 0;
		};
/* End PBXFrameworksBuildPhase section */

/* Begin PBXGroup section */
		2EBF425929CC81C50057B8B0 = {
			isa = PBXGroup;
			children = (
				2EBF426429CC81C50057B8B0 /* Doyoulikebee */,
				2EBF427E29CC81C50057B8B0 /* DoyoulikebeeTests */,
				2EBF428829CC81C50057B8B0 /* DoyoulikebeeUITests */,
				2EBF426329CC81C50057B8B0 /* Products */,
			);
			sourceTree = "<group>";
		};
		2EBF426329CC81C50057B8B0 /* Products */ = {
			isa = PBXGroup;
			children = (
				2EBF426229CC81C50057B8B0 /* Doyoulikebee.app */,
				2EBF427B29CC81C50057B8B0 /* DoyoulikebeeTests.xctest */,
				2EBF428529CC81C50057B8B0 /* DoyoulikebeeUITests.xctest */,
			);
			name = Products;
			sourceTree = "<group>";
		};
		2EBF426429CC81C50057B8B0 /* Doyoulikebee */ = {
			isa = PBXGroup;
			children = (
				2EBF426529CC81C50057B8B0 /* AppDelegate.swift */,
				2EBF426729CC81C50057B8B0 /* SceneDelegate.swift */,
				2EBF426929CC81C50057B8B0 /* ViewController.swift */,
				2EBF426B29CC81C50057B8B0 /* Main.storyboard */,
				2EBF427129CC81C50057B8B0 /* Assets.xcassets */,
				2EBF427329CC81C50057B8B0 /* LaunchScreen.storyboard */,
				2EBF427629CC81C50057B8B0 /* Info.plist */,
				2EBF426E29CC81C50057B8B0 /* Doyoulikebee.xcdatamodeld */,
			);
			path = Doyoulikebee;
			sourceTree = "<group>";
		};
		2EBF427E29CC81C50057B8B0 /* DoyoulikebeeTests */ = {
			isa = PBXGroup;
			children = (
				2EBF427F29CC81C50057B8B0 /* DoyoulikebeeTests.swift */,
			);
			path = DoyoulikebeeTests;
			sourceTree = "<group>";
		};
		2EBF428829CC81C50057B8B0 /* DoyoulikebeeUITests */ = {
			isa = PBXGroup;
			children = (
				2EBF428929CC81C50057B8B0 /* DoyoulikebeeUITests.swift */,
				2EBF428B29CC81C50057B8B0 /* DoyoulikebeeUITestsLaunchTests.swift */,
			);
			path = DoyoulikebeeUITests;
			sourceTree = "<group>";
		};
/* End PBXGroup section */

/* Begin PBXNativeTarget section */
		2EBF426129CC81C50057B8B0 /* Doyoulikebee */ = {
			isa = PBXNativeTarget;
			buildConfigurationList = 2EBF428F29CC81C50057B8B0 /* Build configuration list for PBXNativeTarget "Doyoulikebee" */;
			buildPhases = (
				2EBF425E29CC81C50057B8B0 /* Sources */,
				2EBF425F29CC81C50057B8B0 /* Frameworks */,
				2EBF426029CC81C50057B8B0 /* Resources */,
			);
			buildRules = (
			);
			dependencies = (
			);
			name = Doyoulikebee;
			productName = Doyoulikebee;
			productReference = 2EBF426229CC81C50057B8B0 /* Doyoulikebee.app */;
			productType = "com.apple.product-type.application";
		};
		2EBF427A29CC81C50057B8B0 /* DoyoulikebeeTests */ = {
			isa = PBXNativeTarget;
			buildConfigurationList = 2EBF429229CC81C50057B8B0 /* Build configuration list for PBXNativeTarget "DoyoulikebeeTests" */;
			buildPhases = (
				2EBF427729CC81C50057B8B0 /* Sources */,
				2EBF427829CC81C50057B8B0 /* Frameworks */,
				2EBF427929CC81C50057B8B0 /* Resources */,
			);
			buildRules = (
			);
			dependencies = (
				2EBF427D29CC81C50057B8B0 /* PBXTargetDependency */,
			);
			name = DoyoulikebeeTests;
			productName = DoyoulikebeeTests;
			productReference = 2EBF427B29CC81C50057B8B0 /* DoyoulikebeeTests.xctest */;
			productType = "com.apple.product-type.bundle.unit-test";
		};
		2EBF428429CC81C50057B8B0 /* DoyoulikebeeUITests */ = {
			isa = PBXNativeTarget;
			buildConfigurationList = 2EBF429529CC81C50057B8B0 /* Build configuration list for PBXNativeTarget "DoyoulikebeeUITests" */;
			buildPhases = (
				2EBF428129CC81C50057B8B0 /* Sources */,
				2EBF428229CC81C50057B8B0 /* Frameworks */,
				2EBF428329CC81C50057B8B0 /* Resources */,
			);
			buildRules = (
			);
			dependencies = (
				2EBF428729CC81C50057B8B0 /* PBXTargetDependency */,
			);
			name = DoyoulikebeeUITests;
			productName = DoyoulikebeeUITests;
			productReference = 2EBF428529CC81C50057B8B0 /* DoyoulikebeeUITests.xctest */;
			productType = "com.apple.product-type.bundle.ui-testing";
		};
/* End PBXNativeTarget section */

/* Begin PBXProject section */
		2EBF425A29CC81C50057B8B0 /* Project object */ = {
			isa = PBXProject;
			attributes = {
				BuildIndependentTargetsInParallel = 1;
				LastSwiftUpdateCheck = 1420;
				LastUpgradeCheck = 1420;
				TargetAttributes = {
					2EBF426129CC81C50057B8B0 = {
						CreatedOnToolsVersion = 14.2;
					};
					2EBF427A29CC81C50057B8B0 = {
						CreatedOnToolsVersion = 14.2;
						TestTargetID = 2EBF426129CC81C50057B8B0;
					};
					2EBF428429CC81C50057B8B0 = {
						CreatedOnToolsVersion = 14.2;
						TestTargetID = 2EBF426129CC81C50057B8B0;
					};
				};
			};
			buildConfigurationList = 2EBF425D29CC81C50057B8B0 /* Build configuration list for PBXProject "Doyoulikebee" */;
			compatibilityVersion = "Xcode 14.0";
			developmentRegion = en;
			hasScannedForEncodings = 0;
			knownRegions = (
				en,
				Base,
			);
			mainGroup = 2EBF425929CC81C50057B8B0;
			productRefGroup = 2EBF426329CC81C50057B8B0 /* Products */;
			projectDirPath = "";
			projectRoot = "";
			targets = (
				2EBF426129CC81C50057B8B0 /* Doyoulikebee */,
				2EBF427A29CC81C50057B8B0 /* DoyoulikebeeTests */,
				2EBF428429CC81C50057B8B0 /* DoyoulikebeeUITests */,
			);
		};
/* End PBXProject section */

/* Begin PBXResourcesBuildPhase section */
		2EBF426029CC81C50057B8B0 /* Resources */ = {
			isa = PBXResourcesBuildPhase;
			buildActionMask = 2147483647;
			files = (
				2EBF427529CC81C50057B8B0 /* LaunchScreen.storyboard in Resources */,
				2EBF427229CC81C50057B8B0 /* Assets.xcassets in Resources */,
				2EBF426D29CC81C50057B8B0 /* Main.storyboard in Resources */,
			);
			runOnlyForDeploymentPostprocessing = 0;
		};
		2EBF427929CC81C50057B8B0 /* Resources */ = {
			isa = PBXResourcesBuildPhase;
			buildActionMask = 2147483647;
			files = (
			);
			runOnlyForDeploymentPostprocessing = 0;
		};
		2EBF428329CC81C50057B8B0 /* Resources */ = {
			isa = PBXResourcesBuildPhase;
			buildActionMask = 2147483647;
			files = (
			);
			runOnlyForDeploymentPostprocessing = 0;
		};
/* End PBXResourcesBuildPhase section */

/* Begin PBXSourcesBuildPhase section */
		2EBF425E29CC81C50057B8B0 /* Sources */ = {
			isa = PBXSourcesBuildPhase;
			buildActionMask = 2147483647;
			files = (
				2EBF426A29CC81C50057B8B0 /* ViewController.swift in Sources */,
				2EBF426629CC81C50057B8B0 /* AppDelegate.swift in Sources */,
				2EBF427029CC81C50057B8B0 /* Doyoulikebee.xcdatamodeld in Sources */,
				2EBF426829CC81C50057B8B0 /* SceneDelegate.swift in Sources */,
			);
			runOnlyForDeploymentPostprocessing = 0;
		};
		2EBF427729CC81C50057B8B0 /* Sources */ = {
			isa = PBXSourcesBuildPhase;
			buildActionMask = 2147483647;
			files = (
				2EBF428029CC81C50057B8B0 /* DoyoulikebeeTests.swift in Sources */,
			);
			runOnlyForDeploymentPostprocessing = 0;
		};
		2EBF428129CC81C50057B8B0 /* Sources */ = {
			isa = PBXSourcesBuildPhase;
			buildActionMask = 2147483647;
			files = (
				2EBF428A29CC81C50057B8B0 /* DoyoulikebeeUITests.swift in Sources */,
				2EBF428C29CC81C50057B8B0 /* DoyoulikebeeUITestsLaunchTests.swift in Sources */,
			);
			runOnlyForDeploymentPostprocessing = 0;
		};
/* End PBXSourcesBuildPhase section */

/* Begin PBXTargetDependency section */
		2EBF427D29CC81C50057B8B0 /* PBXTargetDependency */ = {
			isa = PBXTargetDependency;
			target = 2EBF426129CC81C50057B8B0 /* Doyoulikebee */;
			targetProxy = 2EBF427C29CC81C50057B8B0 /* PBXContainerItemProxy */;
		};
		2EBF428729CC81C50057B8B0 /* PBXTargetDependency */ = {
			isa = PBXTargetDependency;
			target = 2EBF426129CC81C50057B8B0 /* Doyoulikebee */;
			targetProxy = 2EBF428629CC81C50057B8B0 /* PBXContainerItemProxy */;
		};
/* End PBXTargetDependency section */

/* Begin PBXVariantGroup section */
		2EBF426B29CC81C50057B8B0 /* Main.storyboard */ = {
			isa = PBXVariantGroup;
			children = (
				2EBF426C29CC81C50057B8B0 /* Base */,
			);
			name = Main.storyboard;
			sourceTree = "<group>";
		};
		2EBF427329CC81C50057B8B0 /* LaunchScreen.storyboard */ = {
			isa = PBXVariantGroup;
			children = (
				2EBF427429CC81C50057B8B0 /* Base */,
			);
			name = LaunchScreen.storyboard;
			sourceTree = "<group>";
		};
/* End PBXVariantGroup section */

/* Begin XCBuildConfiguration section */
		2EBF428D29CC81C50057B8B0 /* Debug */ = {
			isa = XCBuildConfiguration;
			buildSettings = {
				ALWAYS_SEARCH_USER_PATHS = NO;
				CLANG_ANALYZER_NONNULL = YES;
				CLANG_ANALYZER_NUMBER_OBJECT_CONVERSION = YES_AGGRESSIVE;
				CLANG_CXX_LANGUAGE_STANDARD = "gnu++20";
				CLANG_ENABLE_MODULES = YES;
				CLANG_ENABLE_OBJC_ARC = YES;
				CLANG_ENABLE_OBJC_WEAK = YES;
				CLANG_WARN_BLOCK_CAPTURE_AUTORELEASING = YES;
				CLANG_WARN_BOOL_CONVERSION = YES;
				CLANG_WARN_COMMA = YES;
				CLANG_WARN_CONSTANT_CONVERSION = YES;
				CLANG_WARN_DEPRECATED_OBJC_IMPLEMENTATIONS = YES;
				CLANG_WARN_DIRECT_OBJC_ISA_USAGE = YES_ERROR;
				CLANG_WARN_DOCUMENTATION_COMMENTS = YES;
				CLANG_WARN_EMPTY_BODY = YES;
				CLANG_WARN_ENUM_CONVERSION = YES;
				CLANG_WARN_INFINITE_RECURSION = YES;
				CLANG_WARN_INT_CONVERSION = YES;
				CLANG_WARN_NON_LITERAL_NULL_CONVERSION = YES;
				CLANG_WARN_OBJC_IMPLICIT_RETAIN_SELF = YES;
				CLANG_WARN_OBJC_LITERAL_CONVERSION = YES;
				CLANG_WARN_OBJC_ROOT_CLASS = YES_ERROR;
				CLANG_WARN_QUOTED_INCLUDE_IN_FRAMEWORK_HEADER = YES;
				CLANG_WARN_RANGE_LOOP_ANALYSIS = YES;
				CLANG_WARN_STRICT_PROTOTYPES = YES;
				CLANG_WARN_SUSPICIOUS_MOVE = YES;
				CLANG_WARN_UNGUARDED_AVAILABILITY = YES_AGGRESSIVE;
				CLANG_WARN_UNREACHABLE_CODE = YES;
				CLANG_WARN__DUPLICATE_METHOD_MATCH = YES;
				COPY_PHASE_STRIP = NO;
				DEBUG_INFORMATION_FORMAT = dwarf;
				ENABLE_STRICT_OBJC_MSGSEND = YES;
				ENABLE_TESTABILITY = YES;
				GCC_C_LANGUAGE_STANDARD = gnu11;
				GCC_DYNAMIC_NO_PIC = NO;
				GCC_NO_COMMON_BLOCKS = YES;
				GCC_OPTIMIZATION_LEVEL = 0;
				GCC_PREPROCESSOR_DEFINITIONS = (
					"DEBUG=1",
					"$(inherited)",
				);
				GCC_WARN_64_TO_32_BIT_CONVERSION = YES;
				GCC_WARN_ABOUT_RETURN_TYPE = YES_ERROR;
				GCC_WARN_UNDECLARED_SELECTOR = YES;
				GCC_WARN_UNINITIALIZED_AUTOS = YES_AGGRESSIVE;
				GCC_WARN_UNUSED_FUNCTION = YES;
				GCC_WARN_UNUSED_VARIABLE = YES;
				IPHONEOS_DEPLOYMENT_TARGET = 16.2;
				MTL_ENABLE_DEBUG_INFO = INCLUDE_SOURCE;
				MTL_FAST_MATH = YES;
				ONLY_ACTIVE_ARCH = YES;
				SDKROOT = iphoneos;
				SWIFT_ACTIVE_COMPILATION_CONDITIONS = DEBUG;
				SWIFT_OPTIMIZATION_LEVEL = "-Onone";
			};
			name = Debug;
		};
		2EBF428E29CC81C50057B8B0 /* Release */ = {
			isa = XCBuildConfiguration;
			buildSettings = {
				ALWAYS_SEARCH_USER_PATHS = NO;
				CLANG_ANALYZER_NONNULL = YES;
				CLANG_ANALYZER_NUMBER_OBJECT_CONVERSION = YES_AGGRESSIVE;
				CLANG_CXX_LANGUAGE_STANDARD = "gnu++20";
				CLANG_ENABLE_MODULES = YES;
				CLANG_ENABLE_OBJC_ARC = YES;
				CLANG_ENABLE_OBJC_WEAK = YES;
				CLANG_WARN_BLOCK_CAPTURE_AUTORELEASING = YES;
				CLANG_WARN_BOOL_CONVERSION = YES;
				CLANG_WARN_COMMA = YES;
				CLANG_WARN_CONSTANT_CONVERSION = YES;
				CLANG_WARN_DEPRECATED_OBJC_IMPLEMENTATIONS = YES;
				CLANG_WARN_DIRECT_OBJC_ISA_USAGE = YES_ERROR;
				CLANG_WARN_DOCUMENTATION_COMMENTS = YES;
				CLANG_WARN_EMPTY_BODY = YES;
				CLANG_WARN_ENUM_CONVERSION = YES;
				CLANG_WARN_INFINITE_RECURSION = YES;
				CLANG_WARN_INT_CONVERSION = YES;
				CLANG_WARN_NON_LITERAL_NULL_CONVERSION = YES;
				CLANG_WARN_OBJC_IMPLICIT_RETAIN_SELF = YES;
				CLANG_WARN_OBJC_LITERAL_CONVERSION = YES;
				CLANG_WARN_OBJC_ROOT_CLASS = YES_ERROR;
				CLANG_WARN_QUOTED_INCLUDE_IN_FRAMEWORK_HEADER = YES;
				CLANG_WARN_RANGE_LOOP_ANALYSIS = YES;
				CLANG_WARN_STRICT_PROTOTYPES = YES;
				CLANG_WARN_SUSPICIOUS_MOVE = YES;
				CLANG_WARN_UNGUARDED_AVAILABILITY = YES_AGGRESSIVE;
				CLANG_WARN_UNREACHABLE_CODE = YES;
				CLANG_WARN__DUPLICATE_METHOD_MATCH = YES;
				COPY_PHASE_STRIP = NO;
				DEBUG_INFORMATION_FORMAT = "dwarf-with-dsym";
				ENABLE_NS_ASSERTIONS = NO;
				ENABLE_STRICT_OBJC_MSGSEND = YES;
				GCC_C_LANGUAGE_STANDARD = gnu11;
				GCC_NO_COMMON_BLOCKS = YES;
				GCC_WARN_64_TO_32_BIT_CONVERSION = YES;
				GCC_WARN_ABOUT_RETURN_TYPE = YES_ERROR;
				GCC_WARN_UNDECLARED_SELECTOR = YES;
				GCC_WARN_UNINITIALIZED_AUTOS = YES_AGGRESSIVE;
				GCC_WARN_UNUSED_FUNCTION = YES;
				GCC_WARN_UNUSED_VARIABLE = YES;
				IPHONEOS_DEPLOYMENT_TARGET = 16.2;
				MTL_ENABLE_DEBUG_INFO = NO;
				MTL_FAST_MATH = YES;
				SDKROOT = iphoneos;
				SWIFT_COMPILATION_MODE = wholemodule;
				SWIFT_OPTIMIZATION_LEVEL = "-O";
				VALIDATE_PRODUCT = YES;
			};
			name = Release;
		};
		2EBF429029CC81C50057B8B0 /* Debug */ = {
			isa = XCBuildConfiguration;
			buildSettings = {
				ASSETCATALOG_COMPILER_APPICON_NAME = AppIcon;
				ASSETCATALOG_COMPILER_GLOBAL_ACCENT_COLOR_NAME = AccentColor;
				CODE_SIGN_STYLE = Automatic;
				CURRENT_PROJECT_VERSION = 1;
				DEVELOPMENT_TEAM = 4GT6SNR9MH;
				GENERATE_INFOPLIST_FILE = YES;
				INFOPLIST_FILE = Doyoulikebee/Info.plist;
				INFOPLIST_KEY_UIApplicationSupportsIndirectInputEvents = YES;
				INFOPLIST_KEY_UILaunchStoryboardName = LaunchScreen;
				INFOPLIST_KEY_UIMainStoryboardFile = Main;
				INFOPLIST_KEY_UISupportedInterfaceOrientations_iPad = "UIInterfaceOrientationPortrait UIInterfaceOrientationPortraitUpsideDown UIInterfaceOrientationLandscapeLeft UIInterfaceOrientationLandscapeRight";
				INFOPLIST_KEY_UISupportedInterfaceOrientations_iPhone = "UIInterfaceOrientationPortrait UIInterfaceOrientationLandscapeLeft UIInterfaceOrientationLandscapeRight";
				LD_RUNPATH_SEARCH_PATHS = (
					"$(inherited)",
					"@executable_path/Frameworks",
				);
				MARKETING_VERSION = 1.0;
				PRODUCT_BUNDLE_IDENTIFIER = com.eefans.Doyoulikebee;
				PRODUCT_NAME = "$(TARGET_NAME)";
				SWIFT_EMIT_LOC_STRINGS = YES;
				SWIFT_VERSION = 5.0;
				TARGETED_DEVICE_FAMILY = "1,2";
			};
			name = Debug;
		};
		2EBF429129CC81C50057B8B0 /* Release */ = {
			isa = XCBuildConfiguration;
			buildSettings = {
				ASSETCATALOG_COMPILER_APPICON_NAME = AppIcon;
				ASSETCATALOG_COMPILER_GLOBAL_ACCENT_COLOR_NAME = AccentColor;
				CODE_SIGN_STYLE = Automatic;
				CURRENT_PROJECT_VERSION = 1;
				DEVELOPMENT_TEAM = 4GT6SNR9MH;
				GENERATE_INFOPLIST_FILE = YES;
				INFOPLIST_FILE = Doyoulikebee/Info.plist;
				INFOPLIST_KEY_UIApplicationSupportsIndirectInputEvents = YES;
				INFOPLIST_KEY_UILaunchStoryboardName = LaunchScreen;
				INFOPLIST_KEY_UIMainStoryboardFile = Main;
				INFOPLIST_KEY_UISupportedInterfaceOrientations_iPad = "UIInterfaceOrientationPortrait UIInterfaceOrientationPortraitUpsideDown UIInterfaceOrientationLandscapeLeft UIInterfaceOrientationLandscapeRight";
				INFOPLIST_KEY_UISupportedInterfaceOrientations_iPhone = "UIInterfaceOrientationPortrait UIInterfaceOrientationLandscapeLeft UIInterfaceOrientationLandscapeRight";
				LD_RUNPATH_SEARCH_PATHS = (
					"$(inherited)",
					"@executable_path/Frameworks",
				);
				MARKETING_VERSION = 1.0;
				PRODUCT_BUNDLE_IDENTIFIER = com.eefans.Doyoulikebee;
				PRODUCT_NAME = "$(TARGET_NAME)";
				SWIFT_EMIT_LOC_STRINGS = YES;
				SWIFT_VERSION = 5.0;
				TARGETED_DEVICE_FAMILY = "1,2";
			};
			name = Release;
		};
		2EBF429329CC81C50057B8B0 /* Debug */ = {
			isa = XCBuildConfiguration;
			buildSettings = {
				ALWAYS_EMBED_SWIFT_STANDARD_LIBRARIES = YES;
				BUNDLE_LOADER = "$(TEST_HOST)";
				CODE_SIGN_STYLE = Automatic;
				CURRENT_PROJECT_VERSION = 1;
				DEVELOPMENT_TEAM = 4GT6SNR9MH;
				GENERATE_INFOPLIST_FILE = YES;
				IPHONEOS_DEPLOYMENT_TARGET = 16.2;
				MARKETING_VERSION = 1.0;
				PRODUCT_BUNDLE_IDENTIFIER = com.eefans.DoyoulikebeeTests;
				PRODUCT_NAME = "$(TARGET_NAME)";
				SWIFT_EMIT_LOC_STRINGS = NO;
				SWIFT_VERSION = 5.0;
				TARGETED_DEVICE_FAMILY = "1,2";
				TEST_HOST = "$(BUILT_PRODUCTS_DIR)/Doyoulikebee.app/$(BUNDLE_EXECUTABLE_FOLDER_PATH)/Doyoulikebee";
			};
			name = Debug;
		};
		2EBF429429CC81C50057B8B0 /* Release */ = {
			isa = XCBuildConfiguration;
			buildSettings = {
				ALWAYS_EMBED_SWIFT_STANDARD_LIBRARIES = YES;
				BUNDLE_LOADER = "$(TEST_HOST)";
				CODE_SIGN_STYLE = Automatic;
				CURRENT_PROJECT_VERSION = 1;
				DEVELOPMENT_TEAM = 4GT6SNR9MH;
				GENERATE_INFOPLIST_FILE = YES;
				IPHONEOS_DEPLOYMENT_TARGET = 16.2;
				MARKETING_VERSION = 1.0;
				PRODUCT_BUNDLE_IDENTIFIER = com.eefans.DoyoulikebeeTests;
				PRODUCT_NAME = "$(TARGET_NAME)";
				SWIFT_EMIT_LOC_STRINGS = NO;
				SWIFT_VERSION = 5.0;
				TARGETED_DEVICE_FAMILY = "1,2";
				TEST_HOST = "$(BUILT_PRODUCTS_DIR)/Doyoulikebee.app/$(BUNDLE_EXECUTABLE_FOLDER_PATH)/Doyoulikebee";
			};
			name = Release;
		};
		2EBF429629CC81C50057B8B0 /* Debug */ = {
			isa = XCBuildConfiguration;
			buildSettings = {
				ALWAYS_EMBED_SWIFT_STANDARD_LIBRARIES = YES;
				CODE_SIGN_STYLE = Automatic;
				CURRENT_PROJECT_VERSION = 1;
				DEVELOPMENT_TEAM = 4GT6SNR9MH;
				GENERATE_INFOPLIST_FILE = YES;
				MARKETING_VERSION = 1.0;
				PRODUCT_BUNDLE_IDENTIFIER = com.eefans.DoyoulikebeeUITests;
				PRODUCT_NAME = "$(TARGET_NAME)";
				SWIFT_EMIT_LOC_STRINGS = NO;
				SWIFT_VERSION = 5.0;
				TARGETED_DEVICE_FAMILY = "1,2";
				TEST_TARGET_NAME = Doyoulikebee;
			};
			name = Debug;
		};
		2EBF429729CC81C50057B8B0 /* Release */ = {
			isa = XCBuildConfiguration;
			buildSettings = {
				ALWAYS_EMBED_SWIFT_STANDARD_LIBRARIES = YES;
				CODE_SIGN_STYLE = Automatic;
				CURRENT_PROJECT_VERSION = 1;
				DEVELOPMENT_TEAM = 4GT6SNR9MH;
				GENERATE_INFOPLIST_FILE = YES;
				MARKETING_VERSION = 1.0;
				PRODUCT_BUNDLE_IDENTIFIER = com.eefans.DoyoulikebeeUITests;
				PRODUCT_NAME = "$(TARGET_NAME)";
				SWIFT_EMIT_LOC_STRINGS = NO;
				SWIFT_VERSION = 5.0;
				TARGETED_DEVICE_FAMILY = "1,2";
				TEST_TARGET_NAME = Doyoulikebee;
			};
			name = Release;
		};
/* End XCBuildConfiguration section */

/* Begin XCConfigurationList section */
		2EBF425D29CC81C50057B8B0 /* Build configuration list for PBXProject "Doyoulikebee" */ = {
			isa = XCConfigurationList;
			buildConfigurations = (
				2EBF428D29CC81C50057B8B0 /* Debug */,
				2EBF428E29CC81C50057B8B0 /* Release */,
			);
			defaultConfigurationIsVisible = 0;
			defaultConfigurationName = Release;
		};
		2EBF428F29CC81C50057B8B0 /* Build configuration list for PBXNativeTarget "Doyoulikebee" */ = {
			isa = XCConfigurationList;
			buildConfigurations = (
				2EBF429029CC81C50057B8B0 /* Debug */,
				2EBF429129CC81C50057B8B0 /* Release */,
			);
			defaultConfigurationIsVisible = 0;
			defaultConfigurationName = Release;
		};
		2EBF429229CC81C50057B8B0 /* Build configuration list for PBXNativeTarget "DoyoulikebeeTests" */ = {
			isa = XCConfigurationList;
			buildConfigurations = (
				2EBF429329CC81C50057B8B0 /* Debug */,
				2EBF429429CC81C50057B8B0 /* Release */,
			);
			defaultConfigurationIsVisible = 0;
			defaultConfigurationName = Release;
		};
		2EBF429529CC81C50057B8B0 /* Build configuration list for PBXNativeTarget "DoyoulikebeeUITests" */ = {
			isa = XCConfigurationList;
			buildConfigurations = (
				2EBF429629CC81C50057B8B0 /* Debug */,
				2EBF429729CC81C50057B8B0 /* Release */,
			);
			defaultConfigurationIsVisible = 0;
			defaultConfigurationName = Release;
		};
/* End XCConfigurationList section */

/* Begin XCVersionGroup section */
		2EBF426E29CC81C50057B8B0 /* Doyoulikebee.xcdatamodeld */ = {
			isa = XCVersionGroup;
			children = (
				2EBF426F29CC81C50057B8B0 /* Doyoulikebee.xcdatamodel */,
			);
			currentVersion = 2EBF426F29CC81C50057B8B0 /* Doyoulikebee.xcdatamodel */;
			path = Doyoulikebee.xcdatamodeld;
			sourceTree = "<group>";
			versionGroupType = wrapper.xcdatamodel;
		};
/* End XCVersionGroup section */
	};
	rootObject = 2EBF425A29CC81C50057B8B0 /* Project object */;
}
